<?xml version="1.0" encoding="utf-8"?>
<Project ToolsVersion="4.0" xmlns="http://schemas.microsoft.com/developer/msbuild/2003">
  <ItemGroup>
    <Filter Include="Source Files">
      <UniqueIdentifier>{4FC737F1-C7A5-4376-A066-2A32D752A2FF}</UniqueIdentifier>
      <Extensions>cpp;c;cc;cxx;c++;cppm;ixx;def;odl;idl;hpj;bat;asm;asmx</Extensions>
    </Filter>
    <Filter Include="Source Files\Log">
      <UniqueIdentifier>{2e93d9d0-c980-490a-b191-fb2e6e030add}</UniqueIdentifier>
    </Filter>
  </ItemGroup>
  <ItemGroup>
    <ClCompile Include="Addressing.cpp">
      <Filter>Source Files</Filter>
    </ClCompile>
    <ClCompile Include="Binary.cpp">
      <Filter>Source Files</Filter>
    </ClCompile>
    <ClCompile Include="Cpu65816.cpp">
      <Filter>Source Files</Filter>
    </ClCompile>
    <ClCompile Include="Cpu65816Debugger.cpp">
      <Filter>Source Files</Filter>
    </ClCompile>
    <ClCompile Include="CpuStatus.cpp">
      <Filter>Source Files</Filter>
    </ClCompile>
    <ClCompile Include="OpCode_ADC.cpp">
      <Filter>Source Files</Filter>
    </ClCompile>
    <ClCompile Include="OpCode_AND.cpp">
      <Filter>Source Files</Filter>
    </ClCompile>
    <ClCompile Include="OpCode_ASL.cpp">
      <Filter>Source Files</Filter>
    </ClCompile>
    <ClCompile Include="OpCode_BIT.cpp">
      <Filter>Source Files</Filter>
    </ClCompile>
    <ClCompile Include="OpCode_Branch.cpp">
      <Filter>Source Files</Filter>
    </ClCompile>
    <ClCompile Include="OpCode_CMP.cpp">
      <Filter>Source Files</Filter>
    </ClCompile>
    <ClCompile Include="OpCode_CPX_CPY.cpp">
      <Filter>Source Files</Filter>
    </ClCompile>
    <ClCompile Include="OpCode_EOR.cpp">
      <Filter>Source Files</Filter>
    </ClCompile>
    <ClCompile Include="OpCode_INC_DEC.cpp">
      <Filter>Source Files</Filter>
    </ClCompile>
    <ClCompile Include="OpCode_Interrupt.cpp">
      <Filter>Source Files</Filter>
    </ClCompile>
    <ClCompile Include="OpCode_JumpReturn.cpp">
      <Filter>Source Files</Filter>
    </ClCompile>
    <ClCompile Include="OpCode_LDA.cpp">
      <Filter>Source Files</Filter>
    </ClCompile>
    <ClCompile Include="OpCode_LDX.cpp">
      <Filter>Source Files</Filter>
    </ClCompile>
    <ClCompile Include="OpCode_LDY.cpp">
      <Filter>Source Files</Filter>
    </ClCompile>
    <ClCompile Include="OpCode_LSR.cpp">
      <Filter>Source Files</Filter>
    </ClCompile>
    <ClCompile Include="OpCode_Misc.cpp">
      <Filter>Source Files</Filter>
    </ClCompile>
    <ClCompile Include="OpCode_ORA.cpp">
      <Filter>Source Files</Filter>
    </ClCompile>
    <ClCompile Include="OpCode_ROL.cpp">
      <Filter>Source Files</Filter>
    </ClCompile>
    <ClCompile Include="OpCode_ROR.cpp">
      <Filter>Source Files</Filter>
    </ClCompile>
    <ClCompile Include="OpCode_SBC.cpp">
      <Filter>Source Files</Filter>
    </ClCompile>
    <ClCompile Include="OpCode_STA.cpp">
      <Filter>Source Files</Filter>
    </ClCompile>
    <ClCompile Include="OpCode_Stack.cpp">
      <Filter>Source Files</Filter>
    </ClCompile>
    <ClCompile Include="OpCode_StatusReg.cpp">
      <Filter>Source Files</Filter>
    </ClCompile>
    <ClCompile Include="OpCode_STX.cpp">
      <Filter>Source Files</Filter>
    </ClCompile>
    <ClCompile Include="OpCode_STY.cpp">
      <Filter>Source Files</Filter>
    </ClCompile>
    <ClCompile Include="OpCode_STZ.cpp">
      <Filter>Source Files</Filter>
    </ClCompile>
    <ClCompile Include="OpCode_Transfer.cpp">
      <Filter>Source Files</Filter>
    </ClCompile>
    <ClCompile Include="OpCode_TSB_TRB.cpp">
      <Filter>Source Files</Filter>
    </ClCompile>
    <ClCompile Include="OpCodeTable.cpp">
      <Filter>Source Files</Filter>
    </ClCompile>
    <ClCompile Include="Stack.cpp">
      <Filter>Source Files</Filter>
    </ClCompile>
    <ClCompile Include="SystemBus.cpp">
      <Filter>Source Files</Filter>
    </ClCompile>
    <ClCompile Include="SystemBusDevice.cpp">
      <Filter>Source Files</Filter>
    </ClCompile>
    <ClCompile Include="Main.cpp">
      <Filter>Source Files</Filter>
    </ClCompile>
    <ClCompile Include="MemoryDevice.cpp">
      <Filter>Source Files</Filter>
    </ClCompile>
    <ClCompile Include="Log.cpp">
      <Filter>Source Files\Log</Filter>
    </ClCompile>
  </ItemGroup>
  <ItemGroup>
    <ClInclude Include="Addressing.h">
      <Filter>Source Files</Filter>
    </ClInclude>
    <ClInclude Include="Binary.h">
      <Filter>Source Files</Filter>
    </ClInclude>
    <ClInclude Include="Cpu65816.h">
      <Filter>Source Files</Filter>
    </ClInclude>
    <ClInclude Include="Cpu65816Debugger.h">
      <Filter>Source Files</Filter>
    </ClInclude>
    <ClInclude Include="CpuStatus.h">
      <Filter>Source Files</Filter>
    </ClInclude>
    <ClInclude Include="Interrupt.h">
      <Filter>Source Files</Filter>
    </ClInclude>
    <ClInclude Include="OpCode.h">
      <Filter>Source Files</Filter>
    </ClInclude>
    <ClInclude Include="Stack.h">
      <Filter>Source Files</Filter>
    </ClInclude>
    <ClInclude Include="SystemBus.h">
      <Filter>Source Files</Filter>
    </ClInclude>
    <ClInclude Include="SystemBusDevice.h">
      <Filter>Source Files</Filter>
    </ClInclude>
    <ClInclude Include="MemoryDevice.h">
      <Filter>Source Files</Filter>
    </ClInclude>
    <ClInclude Include="Log.h">
      <Filter>Source Files\Log</Filter>
    </ClInclude>
  </ItemGroup>
</Project>